
Microsoft Visual Studio Solution File, Format Version 12.00
# Visual Studio Version 17
VisualStudioVersion = 17.4.33122.133
MinimumVisualStudioVersion = 10.0.40219.1
Project("{FAE04EC0-301F-11D3-BF4B-00C04F79EFBC}") = "Fighter_OOP", "Fighter_OOP\Fighter_OOP.csproj", "{B423E6D4-F440-4546-9790-85390A918062}"
EndProject
Global
	GlobalSection(SolutionConfigurationPlatforms) = preSolution
		Debug|Any CPU = Debug|Any CPU
		Release|Any CPU = Release|Any CPU
	EndGlobalSection
	GlobalSection(ProjectConfigurationPlatforms) = postSolution
		{B423E6D4-F440-4546-9790-85390A918062}.Debug|Any CPU.ActiveCfg = Debug|Any CPU
		{B423E6D4-F440-4546-9790-85390A918062}.Debug|Any CPU.Build.0 = Debug|Any CPU
		{B423E6D4-F440-4546-9790-85390A918062}.Release|Any CPU.ActiveCfg = Release|Any CPU
		{B423E6D4-F440-4546-9790-85390A918062}.Release|Any CPU.Build.0 = Release|Any CPU
	EndGlobalSection
	GlobalSection(SolutionProperties) = preSolution
		HideSolutionNode = FALSE
	EndGlobalSection
	GlobalSection(ExtensibilityGlobals) = postSolution
		SolutionGuid = {7DDDC8EE-2363-464A-8372-A1E755C4D85C}
	EndGlobalSection
EndGlobal
